# This file is autogenerated, do not edit; changes may be undone by the next 'dep ensure'.


[[projects]]
  digest = "1:9702dc153c9bb6ee7ee0587c248b7024700e89e4a7be284faaeeab9da32e1c6b"
  name = "cloud.google.com/go"
  packages = ["compute/metadata"]
  pruneopts = ""
  revision = "767c40d6a2e058483c25fa193e963a22da17236d"
  version = "v0.18.0"

[[projects]]
  digest = "1:8ec1618fc3ee146af104d6c13be250f25e5976e34557d4afbfe4b28035ce6c05"
  name = "github.com/Knetic/govaluate"
  packages = ["."]
  pruneopts = ""
  revision = "d216395917cc49052c7c7094cf57f09657ca08a8"
  version = "v3.0.0"

[[projects]]
  digest = "1:b856d8248663c39265a764561c1a1a149783f6cc815feb54a1f3a591b91f6eca"
  name = "github.com/Masterminds/semver"
  packages = ["."]
  pruneopts = ""
  revision = "c7af12943936e8c39859482e61f0574c2fd7fc75"
  version = "v1.4.2"

[[projects]]
  digest = "1:71c0dfb843260bfb9b03357cae8eac261b8d82e149ad8f76938b87a23aa47c43"
  name = "github.com/PuerkitoBio/purell"
  packages = ["."]
  pruneopts = ""
  revision = "b938d81255b5473c57635324295cb0fe398c7a58"

[[projects]]
  branch = "master"
  digest = "1:331a419049c2be691e5ba1d24342fc77c7e767a80c666a18fd8a9f7b82419c1c"
  name = "github.com/PuerkitoBio/urlesc"
  packages = ["."]
  pruneopts = ""
  revision = "de5bf2ad457846296e2031421a34e2568e304e35"

[[projects]]
  branch = "master"
  digest = "1:a1b56af5e69569454f55ef4842485a0da5616e240a610d77c987e17a73b0e265"
  name = "github.com/TomOnTime/utfutil"
  packages = ["."]
  pruneopts = ""
  revision = "09c41003ee1d5015b75f331e52215512e7145b8d"

[[projects]]
  branch = "master"
  digest = "1:0caf9208419fa5db5a0ca7112affaa9550c54291dda8e2abac0c0e76181c959e"
  name = "github.com/argoproj/argo"
  packages = [
    "pkg/apis/workflow",
    "pkg/apis/workflow/v1alpha1",
    "util",
  ]
  pruneopts = ""
  revision = "7ef1cea68c94f7f0e1e2f8bd75bedc5a7df8af90"

[[projects]]
  branch = "master"
  digest = "1:4f6afcf4ebe041b3d4aa7926d09344b48d2f588e1f957526bbbe54f9cbb366a1"
  name = "github.com/argoproj/pkg"
  packages = [
    "errors",
    "exec",
    "rand",
    "time",
  ]
  pruneopts = ""
  revision = "38dba6e98495680ff1f8225642b63db10a96bb06"

[[projects]]
  digest = "1:d8a2bb36a048d1571bcc1aee208b61f39dc16c6c53823feffd37449dde162507"
  name = "github.com/asaskevich/govalidator"
  packages = ["."]
  pruneopts = ""
  revision = "ccb8e960c48f04d6935e72476ae4a51028f9e22f"
  version = "v9"

[[projects]]
  branch = "master"
  digest = "1:c0bec5f9b98d0bc872ff5e834fac186b807b656683bd29cb82fb207a1513fabb"
  name = "github.com/beorn7/perks"
  packages = ["quantile"]
  pruneopts = ""
  revision = "3a771d992973f24aa725d07868b467d1ddfceafb"

[[projects]]
  digest = "1:a6ee710e45210bafe11f2f28963571be2ac8809f9a7b675a6d2c02302a1ce1a9"
  name = "github.com/bouk/monkey"
  packages = ["."]
  pruneopts = ""
  revision = "5df1f207ff77e025801505ae4d903133a0b4353f"
  version = "v1.0.0"

[[projects]]
  digest = "1:e04162bd6a6d4950541bae744c968108e14913b1cebccf29f7650b573f44adb3"
  name = "github.com/casbin/casbin"
  packages = [
    ".",
    "config",
    "effect",
    "model",
    "persist",
    "persist/file-adapter",
    "rbac",
    "rbac/default-role-manager",
    "util",
  ]
  pruneopts = ""
  revision = "d71629e497929858300c38cd442098c178121c30"
  version = "v1.5.0"

[[projects]]
  branch = "v2"
  digest = "1:d8ee1b165eb7f4fd9ada718e1e7eeb0bc1fd462592d0bd823df694443f448681"
  name = "github.com/coreos/go-oidc"
  packages = ["."]
  pruneopts = ""
  revision = "1180514eaf4d9f38d0d19eef639a1d695e066e72"

[[projects]]
  digest = "1:56c130d885a4aacae1dd9c7b71cfe39912c7ebc1ff7d2b46083c8812996dc43b"
  name = "github.com/davecgh/go-spew"
  packages = ["spew"]
  pruneopts = ""
  revision = "346938d642f2ec3594ed81d874461961cd0faa76"
  version = "v1.1.0"

[[projects]]
  digest = "1:6098222470fe0172157ce9bbef5d2200df4edde17ee649c5d6e48330e4afa4c6"
  name = "github.com/dgrijalva/jwt-go"
  packages = ["."]
  pruneopts = ""
  revision = "06ea1031745cb8b3dab3f6a236daf2b0aa468b7e"
  version = "v3.2.0"

[[projects]]
  digest = "1:b021ef379356343bdc13ec101e546b756fcef4b1186d08163bef7d3bc8c1e07f"
  name = "github.com/docker/docker"
  packages = [
    "pkg/term",
    "pkg/term/winconsole",
  ]
  pruneopts = ""
  revision = "fc4825d5ef5e0e1af74904208f9b925c22f0b6f8"
  version = "v1.6.0-rc5"

[[projects]]
  branch = "master"
  digest = "1:d6c13a378213e3de60445e49084b8a0a9ce582776dfc77927775dbeb3ff72a35"
  name = "github.com/docker/spdystream"
  packages = [
    ".",
    "spdy",
  ]
  pruneopts = ""
  revision = "6480d4af844c189cf5dd913db24ddd339d3a4f85"

[[projects]]
  branch = "master"
  digest = "1:f1a75a8e00244e5ea77ff274baa9559eb877437b240ee7b278f3fc560d9f08bf"
  name = "github.com/dustin/go-humanize"
  packages = ["."]
  pruneopts = ""
  revision = "9f541cc9db5d55bce703bd99987c9d5cb8eea45e"

[[projects]]
  digest = "1:971e9ba63a417c5f1f83ab358677bc59e96ff04285f26c6646ff089fb60b15e8"
  name = "github.com/emicklei/go-restful"
  packages = [
    ".",
    "log",
  ]
  pruneopts = ""
  revision = "3658237ded108b4134956c1b3050349d93e7b895"
  version = "v2.7.1"

[[projects]]
  digest = "1:ba7c75e38d81b9cf3e8601c081567be3b71bccca8c11aee5de98871360aa4d7b"
  name = "github.com/emirpasic/gods"
  packages = [
    "containers",
    "lists",
    "lists/arraylist",
    "trees",
    "trees/binaryheap",
    "utils",
  ]
  pruneopts = ""
  revision = "f6c17b524822278a87e3b3bd809fec33b51f5b46"
  version = "v1.9.0"

[[projects]]
  digest = "1:4216202f4088a73e2982df875e2f0d1401137bbc248e57391e70547af167a18a"
  name = "github.com/evanphx/json-patch"
  packages = ["."]
  pruneopts = ""
  revision = "72bf35d0ff611848c1dc9df0f976c81192392fa5"
  version = "v4.1.0"

[[projects]]
  digest = "1:b13707423743d41665fd23f0c36b2f37bb49c30e94adb813319c44188a51ba22"
  name = "github.com/ghodss/yaml"
  packages = ["."]
  pruneopts = ""
  revision = "0ca9ea5df5451ffdf184b4428c902747c2c11cd7"

[[projects]]
  branch = "master"
  digest = "1:eb77b66abaf9649747230eb973350bd1c311a0d0362213192efbdd222082b072"
  name = "github.com/go-openapi/analysis"
  packages = ["."]
  pruneopts = ""
  revision = "5957818e100395077187fb7ef3b8a28227af06c6"

[[projects]]
  branch = "master"
  digest = "1:ee273c95c1414ef11bd4da259b40e83f41c1d5a6bee7d1b54a05ef5f3565fd92"
  name = "github.com/go-openapi/errors"
  packages = ["."]
  pruneopts = ""
  revision = "b2b2befaf267d082d779bcef52d682a47c779517"

[[projects]]
  branch = "master"
  digest = "1:1287439f7765209116509fffff2b8f853845e4b35572b41a1aadda42cbcffcc2"
  name = "github.com/go-openapi/jsonpointer"
  packages = ["."]
  pruneopts = ""
  revision = "779f45308c19820f1a69e9a4cd965f496e0da10f"

[[projects]]
  branch = "master"
  digest = "1:07ac8ac445f68b0bc063d11845d479fb7e09c906ead7a8c4165b59777df09d74"
  name = "github.com/go-openapi/jsonreference"
  packages = ["."]
  pruneopts = ""
  revision = "36d33bfe519efae5632669801b180bf1a245da3b"

[[projects]]
  branch = "master"
  digest = "1:c4a8c916364abeda1c5cf36684320298bbf4d87718b0b2bd9c4ca663157fdc75"
  name = "github.com/go-openapi/loads"
  packages = ["."]
  pruneopts = ""
  revision = "2a2b323bab96e6b1fdee110e57d959322446e9c9"

[[projects]]
  branch = "master"
  digest = "1:1d9c762f6695e6e7ed0b4c055fa0eab7d20c2b36c935943282273d37f114e302"
  name = "github.com/go-openapi/runtime"
  packages = [
    ".",
    "logger",
    "middleware",
    "middleware/denco",
    "middleware/header",
    "middleware/untyped",
    "security",
  ]
  pruneopts = ""
  revision = "cd9d8ed52e4b4665463cbc655500e4faa09c3c16"

[[projects]]
  branch = "master"
  digest = "1:fd4008f8283b993180f0626d0c7b2f48880e9dbb6bd92a91cac7ded30dc66777"
  name = "github.com/go-openapi/spec"
  packages = ["."]
  pruneopts = ""
  revision = "1de3e0542de65ad8d75452a595886fdd0befb363"

[[projects]]
  branch = "master"
  digest = "1:4ddc424130bcfbf6f782f433192ca2502a02a09e4ac55dcbecf91f22ed4e3138"
  name = "github.com/go-openapi/strfmt"
  packages = ["."]
  pruneopts = ""
  revision = "481808443b00a14745fada967cb5eeff0f9b1df2"

[[projects]]
  branch = "master"
  digest = "1:366052ef634d344217d6720719c9f8e95de13a94d211f09785b0ba3c4c181b06"
  name = "github.com/go-openapi/swag"
  packages = ["."]
  pruneopts = ""
  revision = "84f4bee7c0a6db40e3166044c7983c1c32125429"

[[projects]]
  branch = "master"
  digest = "1:671e25496d550c80a9d6e7e588d32b380c6b4877f113750724f69acc6ce6790f"
  name = "github.com/go-openapi/validate"
  packages = ["."]
  pruneopts = ""
  revision = "b0a3ed684d0fdd3e1eda00433382188ce8aa7169"

[[projects]]
  digest = "1:024c9473f363a12918e87e7efc778091839beab514b01309a6ecd8aa336c8065"
  name = "github.com/go-redis/cache"
  packages = [
    ".",
    "internal/lrucache",
    "internal/singleflight",
  ]
  pruneopts = ""
  revision = "c58ada1e23a3b66593f81c70572c20a0bb805a90"
  version = "v6.3.5"

[[projects]]
  digest = "1:b73fabc1ff8f2417bc5cc51d3f7274d6af5300b5ad9b8606967213134c1700dc"
  name = "github.com/go-redis/redis"
  packages = [
    ".",
    "internal",
    "internal/consistenthash",
    "internal/hashtag",
    "internal/pool",
    "internal/proto",
    "internal/util",
  ]
  pruneopts = ""
  revision = "22be8a3eaf992c828cecb69dc07348313bf08d2e"
  version = "v6.15.1"

[[projects]]
  digest = "1:842c1acbacc80da775cfc0c412c4fe322c2d1b86c260db632987730d0d67a6bd"
  name = "github.com/gobuffalo/packr"
  packages = ["."]
  pruneopts = ""
  revision = "7f4074995d431987caaa35088199f13c44b24440"
  version = "v1.11.0"

[[projects]]
  digest = "1:9ab1b1c637d7c8f49e39d8538a650d7eb2137b076790cff69d160823b505964c"
  name = "github.com/gobwas/glob"
  packages = [
    ".",
    "compiler",
    "match",
    "syntax",
    "syntax/ast",
    "syntax/lexer",
    "util/runes",
    "util/strings",
  ]
  pruneopts = ""
  revision = "5ccd90ef52e1e632236f7326478d4faa74f99438"
  version = "v0.2.3"

[[projects]]
  branch = "master"
  digest = "1:9a06e7365c6039daf4db9bbf79650e2933a2880982cbab8106cb74a36617f40d"
  name = "github.com/gogits/go-gogs-client"
  packages = ["."]
  pruneopts = ""
  revision = "5a05380e4bc2440e0ec12f54f6f45648dbdd5e55"

[[projects]]
  digest = "1:6e73003ecd35f4487a5e88270d3ca0a81bc80dc88053ac7e4dcfec5fba30d918"
  name = "github.com/gogo/protobuf"
  packages = [
    "gogoproto",
    "plugin/compare",
    "plugin/defaultcheck",
    "plugin/description",
    "plugin/embedcheck",
    "plugin/enumstringer",
    "plugin/equal",
    "plugin/face",
    "plugin/gostring",
    "plugin/marshalto",
    "plugin/oneofcheck",
    "plugin/populate",
    "plugin/size",
    "plugin/stringer",
    "plugin/testgen",
    "plugin/union",
    "plugin/unmarshal",
    "proto",
    "protoc-gen-gofast",
    "protoc-gen-gogo/descriptor",
    "protoc-gen-gogo/generator",
    "protoc-gen-gogo/generator/internal/remap",
    "protoc-gen-gogo/grpc",
    "protoc-gen-gogo/plugin",
    "protoc-gen-gogofast",
    "sortkeys",
    "vanity",
    "vanity/command",
  ]
  pruneopts = ""
  revision = "636bf0302bc95575d69441b25a2603156ffdddf1"
  version = "v1.1.1"

[[projects]]
  branch = "master"
  digest = "1:107b233e45174dbab5b1324201d092ea9448e58243ab9f039e4c0f332e121e3a"
  name = "github.com/golang/glog"
  packages = ["."]
  pruneopts = ""
  revision = "23def4e6c14b4da8ac2ed8007337bc5eb5007998"

[[projects]]
  digest = "1:3dd078fda7500c341bc26cfbc6c6a34614f295a2457149fc1045cab767cbcf18"
  name = "github.com/golang/protobuf"
  packages = [
    "jsonpb",
    "proto",
    "protoc-gen-go",
    "protoc-gen-go/descriptor",
    "protoc-gen-go/generator",
    "protoc-gen-go/generator/internal/remap",
    "protoc-gen-go/grpc",
    "protoc-gen-go/plugin",
    "ptypes",
    "ptypes/any",
    "ptypes/duration",
    "ptypes/empty",
    "ptypes/struct",
    "ptypes/timestamp",
  ]
  pruneopts = ""
  revision = "aa810b61a9c79d51363740d207bb46cf8e620ed5"
  version = "v1.2.0"

[[projects]]
  digest = "1:14d826ee25139b4674e9768ac287a135f4e7c14e1134a5b15e4e152edfd49f41"
  name = "github.com/google/go-jsonnet"
  packages = [
    ".",
    "ast",
    "parser",
  ]
  pruneopts = ""
  revision = "dfddf2b4e3aec377b0dcdf247ff92e7d078b8179"

[[projects]]
  branch = "master"
  digest = "1:754f77e9c839b24778a4b64422236d38515301d2baeb63113aa3edc42e6af692"
  name = "github.com/google/gofuzz"
  packages = ["."]
  pruneopts = ""
  revision = "24818f796faf91cd76ec7bddd72458fbced7a6c1"

[[projects]]
  branch = "master"
  digest = "1:d0899ec7c2f61fd5e4ccba7dbefe72e366a3ecce23ecdb982c768fa1d38812fb"
  name = "github.com/google/shlex"
  packages = ["."]
  pruneopts = ""
  revision = "c34317bd91bf98fab745d77b03933cf8769299fe"

[[projects]]
  digest = "1:2a131706ff80636629ab6373f2944569b8252ecc018cda8040931b05d32e3c16"
  name = "github.com/googleapis/gnostic"
  packages = [
    "OpenAPIv2",
    "compiler",
    "extensions",
  ]
  pruneopts = ""
  revision = "ee43cbb60db7bd22502942cccbc39059117352ab"
  version = "v0.1.0"

[[projects]]
  digest = "1:09aa5dd1332b93c96bde671bafb053249dc813febf7d5ca84e8f382ba255d67d"
  name = "github.com/gorilla/websocket"
  packages = ["."]
  pruneopts = ""
  revision = "66b9c49e59c6c48f0ffce28c2d8b8a5678502c6d"
  version = "v1.4.0"

[[projects]]
  branch = "master"
  digest = "1:9dca8c981b8aed7448d94e78bc68a76784867a38b3036d5aabc0b32d92ffd1f4"
  name = "github.com/grpc-ecosystem/go-grpc-middleware"
  packages = [
    ".",
    "auth",
    "logging",
    "logging/logrus",
    "logging/logrus/ctxlogrus",
    "retry",
    "tags",
    "tags/logrus",
    "util/backoffutils",
    "util/metautils",
  ]
  pruneopts = ""
  revision = "bc372cc64f55abd91995ba3f219b380ffbc59e9d"

[[projects]]
  digest = "1:e24dc5ef44694848785de507f439a24e9e6d96d7b43b8cf3d6cfa857aa1e2186"
  name = "github.com/grpc-ecosystem/go-grpc-prometheus"
  packages = ["."]
  pruneopts = ""
  revision = "c225b8c3b01faf2899099b768856a9e916e5087b"
  version = "v1.2.0"

[[projects]]
  digest = "1:9feb7485bc57adbcbc1e1037ca05588e9d8b0a3a1875fbf730021fc118859b75"
  name = "github.com/grpc-ecosystem/grpc-gateway"
  packages = [
    "protoc-gen-grpc-gateway",
    "protoc-gen-grpc-gateway/descriptor",
    "protoc-gen-grpc-gateway/generator",
    "protoc-gen-grpc-gateway/gengateway",
    "protoc-gen-grpc-gateway/httprule",
    "protoc-gen-swagger",
    "protoc-gen-swagger/genswagger",
    "protoc-gen-swagger/options",
    "runtime",
    "runtime/internal",
    "utilities",
  ]
  pruneopts = ""
  revision = "07f5e79768022f9a3265235f0db4ac8c3f675fec"
  version = "v1.3.1"

[[projects]]
  branch = "master"
  digest = "1:9c776d7d9c54b7ed89f119e449983c3f24c0023e75001d6092442412ebca6b94"
  name = "github.com/hashicorp/golang-lru"
  packages = [
    ".",
    "simplelru",
  ]
  pruneopts = ""
  revision = "0fb14efe8c47ae851c0034ed7a448854d3d34cf3"

[[projects]]
  digest = "1:23bc0b496ba341c6e3ba24d6358ff4a40a704d9eb5f9a3bd8e8fbd57ad869013"
  name = "github.com/imdario/mergo"
  packages = ["."]
  pruneopts = ""
  revision = "163f41321a19dd09362d4c63cc2489db2015f1f4"
  version = "0.3.2"

[[projects]]
  digest = "1:6f7a8f1f3e04174c426eea1c8661ef49a6b4c63bd2e40c0ad74b5ba9051f4812"
  name = "github.com/improbable-eng/grpc-web"
  packages = ["go/grpcweb"]
  pruneopts = ""
  revision = "16092bd1d58ae1b3c2d8be1cb67e65956f945dea"
  version = "0.7.0"

[[projects]]
  digest = "1:870d441fe217b8e689d7949fef6e43efbc787e50f200cb1e70dbca9204a1d6be"
  name = "github.com/inconshreveable/mousetrap"
  packages = ["."]
  pruneopts = ""
  revision = "76626ae9c91c4f2a10f34cad8ce83ea42c93bb75"
  version = "v1.0"

[[projects]]
  branch = "master"
  digest = "1:95abc4eba158a39873bd4fabdee576d0ae13826b550f8b710881d80ae4093a0f"
  name = "github.com/jbenet/go-context"
  packages = ["io"]
  pruneopts = ""
  revision = "d14ea06fba99483203c19d92cfcd13ebe73135f4"

[[projects]]
  digest = "1:31c6f3c4f1e15fcc24fcfc9f5f24603ff3963c56d6fa162116493b4025fb6acc"
  name = "github.com/json-iterator/go"
  packages = ["."]
  pruneopts = ""
  revision = "f2b4162afba35581b6d4a50d3b8f34e33c144682"

[[projects]]
  branch = "master"
  digest = "1:63e7368fcf6b54804076eaec26fd9cf0c4466166b272393db4b93102e1e962df"
  name = "github.com/kballard/go-shellquote"
  packages = ["."]
  pruneopts = ""
  revision = "95032a82bc518f77982ea72343cc1ade730072f0"

[[projects]]
  digest = "1:41e0bed5df4f9fd04c418bf9b6b7179b3671e416ad6175332601ca1c8dc74606"
  name = "github.com/kevinburke/ssh_config"
  packages = ["."]
  pruneopts = ""
  revision = "81db2a75821ed34e682567d48be488a1c3121088"
  version = "0.5"

[[projects]]
  branch = "master"
  digest = "1:448b4a6e39e46d8740b00dc871f26d58dc39341b160e01267b7917132831a136"
  name = "github.com/konsorten/go-windows-terminal-sequences"
  packages = ["."]
  pruneopts = ""
  revision = "b729f2633dfe35f4d1d8a32385f6685610ce1cb5"

[[projects]]
  branch = "master"
  digest = "1:ccc20cacf54eb16464dad02efa1c14fa7c0b9e124639b0d2a51dcc87b0154e4c"
  name = "github.com/mailru/easyjson"
  packages = [
    "buffer",
    "jlexer",
    "jwriter",
  ]
  pruneopts = ""
  revision = "32fa128f234d041f196a9f3e0fea5ac9772c08e1"

[[projects]]
  digest = "1:63722a4b1e1717be7b98fc686e0b30d5e7f734b9e93d7dee86293b6deab7ea28"
  name = "github.com/matttproud/golang_protobuf_extensions"
  packages = ["pbutil"]
  pruneopts = ""
  revision = "c12348ce28de40eed0136aa2b644d0ee0650e56c"
  version = "v1.0.1"

[[projects]]
  digest = "1:096a8a9182648da3d00ff243b88407838902b6703fc12657f76890e08d1899bf"
  name = "github.com/mitchellh/go-homedir"
  packages = ["."]
  pruneopts = ""
  revision = "ae18d6b8b3205b561c79e8e5f69bff09736185f4"
  version = "v1.0.0"

[[projects]]
  digest = "1:713b341855f1480e4baca1e7c5434e1d266441340685ecbde32d59bdc065fb3f"
  name = "github.com/mitchellh/go-wordwrap"
  packages = ["."]
  pruneopts = ""
  revision = "9e67c67572bc5dd02aef930e2b0ae3c02a4b5a5c"
  version = "v1.0.0"

[[projects]]
  branch = "master"
  digest = "1:eb9117392ee8e7aa44f78e0db603f70b1050ee0ebda4bd40040befb5b218c546"
  name = "github.com/mitchellh/mapstructure"
  packages = ["."]
  pruneopts = ""
  revision = "bb74f1db0675b241733089d5a1faa5dd8b0ef57b"

[[projects]]
  digest = "1:0c0ff2a89c1bb0d01887e1dac043ad7efbf3ec77482ef058ac423d13497e16fd"
  name = "github.com/modern-go/concurrent"
  packages = ["."]
  pruneopts = ""
  revision = "bacd9c7ef1dd9b15be4a9909b8ac7a4e313eec94"
  version = "1.0.3"

[[projects]]
  digest = "1:e32bdbdb7c377a07a9a46378290059822efdce5c8d96fe71940d87cb4f918855"
  name = "github.com/modern-go/reflect2"
  packages = ["."]
  pruneopts = ""
  revision = "4b7aa43c6742a2c18fdef89dd197aaae7dac7ccd"
  version = "1.0.1"

[[projects]]
  digest = "1:4c0404dc03d974acd5fcd8b8d3ce687b13bd169db032b89275e8b9d77b98ce8c"
  name = "github.com/patrickmn/go-cache"
  packages = ["."]
  pruneopts = ""
  revision = "a3647f8e31d79543b2d0f0ae2fe5c379d72cedc0"
  version = "v2.1.0"

[[projects]]
  digest = "1:049b5bee78dfdc9628ee0e557219c41f683e5b06c5a5f20eaba0105ccc586689"
  name = "github.com/pelletier/go-buffruneio"
  packages = ["."]
  pruneopts = ""
  revision = "c37440a7cf42ac63b919c752ca73a85067e05992"
  version = "v0.2.0"

[[projects]]
  digest = "1:7365acd48986e205ccb8652cc746f09c8b7876030d53710ea6ef7d0bd0dcd7ca"
  name = "github.com/pkg/errors"
  packages = ["."]
  pruneopts = ""
  revision = "645ef00459ed84a119197bfb8d8205042c6df63d"
  version = "v0.8.0"

[[projects]]
  digest = "1:256484dbbcd271f9ecebc6795b2df8cad4c458dd0f5fd82a8c2fa0c29f233411"
  name = "github.com/pmezard/go-difflib"
  packages = ["difflib"]
  pruneopts = ""
  revision = "792786c7400a136282c1664665ae0a8db921c6c2"
  version = "v1.0.0"

[[projects]]
  branch = "master"
  digest = "1:90daff4630a8cf2fa207dbd3ccaed0e860936ead1851a473019674e6b5993a13"
  name = "github.com/pquerna/cachecontrol"
  packages = [
    ".",
    "cacheobject",
  ]
  pruneopts = ""
  revision = "525d0eb5f91d30e3b1548de401b7ef9ea6898520"

[[projects]]
  digest = "1:9d34d575593e3dd27bbd119138ba009ef1535a0df2aad7259e1dd5aed7405eea"
  name = "github.com/prometheus/client_golang"
  packages = [
    "prometheus",
    "prometheus/internal",
    "prometheus/promhttp",
  ]
  pruneopts = ""
  revision = "7858729281ec582767b20e0d696b6041d995d5e0"

[[projects]]
  branch = "master"
  digest = "1:185cf55b1f44a1bf243558901c3f06efa5c64ba62cfdcbb1bf7bbe8c3fb68561"
  name = "github.com/prometheus/client_model"
  packages = ["go"]
  pruneopts = ""
  revision = "5c3871d89910bfb32f5fcab2aa4b9ec68e65a99f"

[[projects]]
  branch = "master"
  digest = "1:f477ef7b65d94fb17574fc6548cef0c99a69c1634ea3b6da248b63a61ebe0498"
  name = "github.com/prometheus/common"
  packages = [
    "expfmt",
    "internal/bitbucket.org/ww/goautoneg",
    "model",
  ]
  pruneopts = ""
  revision = "c7de2306084e37d54b8be01f3541a8464345e9a5"

[[projects]]
  branch = "master"
  digest = "1:e04aaa0e8f8da0ed3d6c0700bd77eda52a47f38510063209d72d62f0ef807d5e"
  name = "github.com/prometheus/procfs"
  packages = [
    ".",
    "internal/util",
    "nfs",
    "xfs",
  ]
  pruneopts = ""
  revision = "05ee40e3a273f7245e8777337fc7b46e533a9a92"

[[projects]]
  digest = "1:5f47c69f85311c4dc292be6cc995a0a3fe8337a6ce38ef4f71e5b7efd5ad42e0"
  name = "github.com/rs/cors"
  packages = ["."]
  pruneopts = ""
  revision = "9a47f48565a795472d43519dd49aac781f3034fb"
  version = "v1.6.0"

[[projects]]
  digest = "1:3962f553b77bf6c03fc07cd687a22dd3b00fe11aa14d31194f5505f5bb65cdc8"
  name = "github.com/sergi/go-diff"
  packages = ["diffmatchpatch"]
  pruneopts = ""
  revision = "1744e2970ca51c86172c8190fadad617561ed6e7"
  version = "v1.0.0"

[[projects]]
  digest = "1:01d968ff6535945510c944983eee024e81f1c949043e9bbfe5ab206ebc3588a4"
  name = "github.com/sirupsen/logrus"
  packages = [
    ".",
    "hooks/test",
  ]
  pruneopts = ""
  revision = "a67f783a3814b8729bd2dac5780b5f78f8dbd64d"
  version = "v1.1.0"

[[projects]]
  branch = "master"
  digest = "1:50b5be512f924d289f20e8b2aef8951d98b9bd8c44666cf169514906df597a4c"
  name = "github.com/skratchdot/open-golang"
  packages = ["open"]
  pruneopts = ""
  revision = "75fb7ed4208cf72d323d7d02fd1a5964a7a9073c"

[[projects]]
  digest = "1:022a4e2a8c327eb46a99088a51c0dda5d5be86928ace2afd72145dc1d746a323"
  name = "github.com/soheilhy/cmux"
  packages = ["."]
  pruneopts = ""
  revision = "e09e9389d85d8492d313d73d1469c029e710623f"
  version = "v0.1.4"

[[projects]]
  digest = "1:9ba49264cef4386aded205f9cb5b1f2d30f983d7dc37a21c780d9db3edfac9a7"
  name = "github.com/spf13/cobra"
  packages = ["."]
  pruneopts = ""
  revision = "fe5e611709b0c57fa4a89136deaa8e1d4004d053"

[[projects]]
  digest = "1:8e243c568f36b09031ec18dff5f7d2769dcf5ca4d624ea511c8e3197dc3d352d"
  name = "github.com/spf13/pflag"
  packages = ["."]
  pruneopts = ""
  revision = "583c0c0531f06d5278b7d917446061adc344b5cd"
  version = "v1.0.1"

[[projects]]
  digest = "1:b1861b9a1aa0801b0b62945ed7477c1ab61a4bd03b55dfbc27f6d4f378110c8c"
  name = "github.com/src-d/gcfg"
  packages = [
    ".",
    "scanner",
    "token",
    "types",
  ]
  pruneopts = ""
  revision = "f187355171c936ac84a82793659ebb4936bc1c23"
  version = "v1.3.0"

[[projects]]
  digest = "1:306417ea2f31ea733df356a2b895de63776b6a5107085b33458e5cd6eb1d584d"
  name = "github.com/stretchr/objx"
  packages = ["."]
  pruneopts = ""
  revision = "facf9a85c22f48d2f52f2380e4efce1768749a89"
  version = "v0.1"

[[projects]]
  digest = "1:c587772fb8ad29ad4db67575dad25ba17a51f072ff18a22b4f0257a4d9c24f75"
  name = "github.com/stretchr/testify"
  packages = [
    "assert",
    "mock",
  ]
  pruneopts = ""
  revision = "f35b8ab0b5a2cef36673838d662e249dd9c94686"
  version = "v1.2.2"

[[projects]]
  digest = "1:51cf0fca93f4866709ceaf01b750e51d997c299a7bd2edf7ccd79e3b428754ae"
  name = "github.com/vmihailenco/msgpack"
  packages = [
    ".",
    "codes",
  ]
  pruneopts = ""
  revision = "a053f3dac71df214bfe8b367f34220f0029c9c02"
  version = "v3.3.1"

[[projects]]
  digest = "1:afc0b8068986a01e2d8f449917829753a54f6bd4d1265c2b4ad9cba75560020f"
  name = "github.com/xanzy/ssh-agent"
  packages = ["."]
  pruneopts = ""
  revision = "640f0ab560aeb89d523bb6ac322b1244d5c3796c"
  version = "v0.2.0"

[[projects]]
  branch = "master"
  digest = "1:3cf699a0df65293cc8fd2339606950d3e2f6d02a435703951d1da411a23f7cef"
  name = "github.com/yudai/gojsondiff"
  packages = [
    ".",
    "formatter",
  ]
  pruneopts = ""
  revision = "0525c875b75ca60b9e67ddc44496aa16f21066b0"

[[projects]]
  branch = "master"
  digest = "1:9857bb2293f372b2181004d8b62179bbdb4ab0982ec6f762abe6cf2bfedaff85"
  name = "github.com/yudai/golcs"
  packages = ["."]
  pruneopts = ""
  revision = "ecda9a501e8220fae3b4b600c3db4b0ba22cfc68"

[[projects]]
  branch = "master"
  digest = "1:525776d99293affd2c61dfb573007ff9f22863068c20c220ef3f58620758c341"
  name = "github.com/yuin/gopher-lua"
  packages = [
    ".",
    "ast",
    "parse",
    "pm",
  ]
  pruneopts = ""
  revision = "732aa6820ec4fb93d60c4057dd574c33db8ad4e7"

[[projects]]
  branch = "master"
  digest = "1:2ea6df0f542cc95a5e374e9cdd81eaa599ed0d55366eef92d2f6b9efa2795c07"
  name = "golang.org/x/crypto"
  packages = [
    "bcrypt",
    "blowfish",
    "cast5",
    "curve25519",
    "ed25519",
    "ed25519/internal/edwards25519",
    "internal/chacha20",
    "openpgp",
    "openpgp/armor",
    "openpgp/elgamal",
    "openpgp/errors",
    "openpgp/packet",
    "openpgp/s2k",
    "poly1305",
    "ssh",
    "ssh/agent",
    "ssh/knownhosts",
    "ssh/terminal",
  ]
  pruneopts = ""
  revision = "432090b8f568c018896cd8a0fb0345872bbac6ce"

[[projects]]
  branch = "master"
  digest = "1:b4ba046df563f56fe42b6270b20039107a37e1ab47c97aa47a16f848aa5b6d9a"
  name = "golang.org/x/net"
  packages = [
    "context",
    "context/ctxhttp",
    "http2",
    "http2/hpack",
    "idna",
    "internal/timeseries",
    "lex/httplex",
    "trace",
  ]
  pruneopts = ""
  revision = "cbe0f9307d0156177f9dd5dc85da1a31abc5f2fb"

[[projects]]
  digest = "1:8a58c605e58272e3d280181a24749b07499cf98968da6f7c1d19c8d5649c6b1b"
  name = "golang.org/x/oauth2"
  packages = [
    ".",
    "google",
    "internal",
    "jws",
    "jwt",
  ]
  pruneopts = ""
  revision = "cce311a261e6fcf29de72ca96827bdb0b7d9c9e6"

[[projects]]
  branch = "master"
  digest = "1:b2ea75de0ccb2db2ac79356407f8a4cd8f798fe15d41b381c00abf3ae8e55ed1"
  name = "golang.org/x/sync"
  packages = [
    "errgroup",
    "semaphore",
  ]
  pruneopts = ""
  revision = "1d60e4601c6fd243af51cc01ddf169918a5407ca"

[[projects]]
  branch = "master"
  digest = "1:ed900376500543ca05f2a2383e1f541b4606f19cd22f34acb81b17a0b90c7f3e"
  name = "golang.org/x/sys"
  packages = [
    "unix",
    "windows",
  ]
  pruneopts = ""
  revision = "d0be0721c37eeb5299f245a996a483160fc36940"

[[projects]]
  branch = "master"
  digest = "1:31985a0ed491dba5ba7fe92e18be008acd92ca9435ed9b35b06f3e6c00fd82cb"
  name = "golang.org/x/text"
  packages = [
    "collate",
    "collate/build",
    "encoding",
    "encoding/internal",
    "encoding/internal/identifier",
    "encoding/unicode",
    "internal/colltab",
    "internal/gen",
    "internal/tag",
    "internal/triegen",
    "internal/ucd",
    "internal/utf8internal",
    "language",
    "runes",
    "secure/bidirule",
    "transform",
    "unicode/bidi",
    "unicode/cldr",
    "unicode/norm",
    "unicode/rangetable",
    "width",
  ]
  pruneopts = ""
  revision = "4e4a3210bb54bb31f6ab2cdca2edcc0b50c420c1"

[[projects]]
  branch = "master"
  digest = "1:55a681cb66f28755765fa5fa5104cbd8dc85c55c02d206f9f89566451e3fe1aa"
  name = "golang.org/x/time"
  packages = ["rate"]
  pruneopts = ""
  revision = "fbb02b2291d28baffd63558aa44b4b56f178d650"

[[projects]]
  branch = "master"
  digest = "1:77e1d6ed91936b206979806b0aacbf817ec54b840803d8f8cd7a1de5bfbf92a4"
  name = "golang.org/x/tools"
  packages = [
    "go/ast/astutil",
    "imports",
  ]
  pruneopts = ""
  revision = "5e776fee60db37e560cee3fb46db699d2f095386"

[[projects]]
  branch = "master"
  digest = "1:e9e4b928898842a138bc345d42aae33741baa6d64f3ca69b0931f9c7a4fd0437"
  name = "gonum.org/v1/gonum"
  packages = [
    "blas",
    "blas/blas64",
    "blas/cblas128",
    "blas/gonum",
    "floats",
    "graph",
    "graph/internal/linear",
    "graph/internal/ordered",
    "graph/internal/set",
    "graph/internal/uid",
    "graph/iterator",
    "graph/simple",
    "graph/topo",
    "graph/traverse",
    "internal/asm/c128",
    "internal/asm/c64",
    "internal/asm/f32",
    "internal/asm/f64",
    "internal/cmplx64",
    "internal/math32",
    "lapack",
    "lapack/gonum",
    "lapack/lapack64",
    "mat",
  ]
  pruneopts = ""
  revision = "90b7154515874cee6c33cf56b29e257403a09a69"

[[projects]]
  digest = "1:934fb8966f303ede63aa405e2c8d7f0a427a05ea8df335dfdc1833dd4d40756f"
  name = "google.golang.org/appengine"
  packages = [
    ".",
    "datastore",
    "internal",
    "internal/app_identity",
    "internal/base",
    "internal/datastore",
    "internal/log",
    "internal/modules",
    "internal/remote_api",
    "internal/urlfetch",
    "urlfetch",
  ]
  pruneopts = ""
  revision = "150dc57a1b433e64154302bdc40b6bb8aefa313a"
  version = "v1.0.0"

[[projects]]
  branch = "master"
  digest = "1:2d833b53e432cd69645da559b822661ebc5c0a13c571dee1c1f80fb1a0241330"
  name = "google.golang.org/genproto"
  packages = [
    "googleapis/api/annotations",
    "googleapis/rpc/status",
  ]
  pruneopts = ""
  revision = "2b5a72b8730b0b16380010cfe5286c42108d88e7"

[[projects]]
  digest = "1:15656947b87a6a240e61dcfae9e71a55a8d5677f240d12ab48f02cdbabf1e309"
  name = "google.golang.org/grpc"
  packages = [
    ".",
    "balancer",
    "balancer/base",
    "balancer/roundrobin",
    "codes",
    "connectivity",
    "credentials",
    "encoding",
    "encoding/proto",
    "grpclog",
    "internal",
    "internal/backoff",
    "internal/channelz",
    "internal/envconfig",
    "internal/grpcrand",
    "internal/transport",
    "keepalive",
    "metadata",
    "naming",
    "peer",
    "reflection",
    "reflection/grpc_reflection_v1alpha",
    "resolver",
    "resolver/dns",
    "resolver/passthrough",
    "stats",
    "status",
    "tap",
  ]
  pruneopts = ""
  revision = "8dea3dc473e90c8179e519d91302d0597c0ca1d1"
  version = "v1.15.0"

[[projects]]
  digest = "1:adf5b0ae3467c3182757ecb86fbfe819939473bb870a42789dc1a3e7729397cd"
  name = "gopkg.in/go-playground/webhooks.v5"
  packages = [
    "bitbucket",
    "bitbucket-server",
    "github",
    "gitlab",
    "gogs",
  ]
  pruneopts = ""
  revision = "175186584584a83966dc9a7b8ec6c3d3a4ce6110"
  version = "v5.11.0"

[[projects]]
  digest = "1:e5d1fb981765b6f7513f793a3fcaac7158408cca77f75f7311ac82cc88e9c445"
  name = "gopkg.in/inf.v0"
  packages = ["."]
  pruneopts = ""
  revision = "3887ee99ecf07df5b447e9b00d9c0b2adaa9f3e4"
  version = "v0.9.0"

[[projects]]
  branch = "v2"
  digest = "1:c80894778314c7fb90d94a5ab925214900e1341afeddc953cda7398b8cdcd006"
  name = "gopkg.in/mgo.v2"
  packages = [
    "bson",
    "internal/json",
  ]
  pruneopts = ""
  revision = "3f83fa5005286a7fe593b055f0d7771a7dce4655"

[[projects]]
  digest = "1:de0ec5755ee1a5e61f079c8855cf2073b5a5f614ae3b51db65f2c4e1044455fd"
  name = "gopkg.in/square/go-jose.v2"
  packages = [
    ".",
    "cipher",
    "json",
  ]
  pruneopts = ""
  revision = "76dd09796242edb5b897103a75df2645c028c960"
  version = "v2.1.6"

[[projects]]
  digest = "1:c8f3ff1edaf7208bf7633e5952ffb8d697552343f8010aee12427400b434ae63"
  name = "gopkg.in/src-d/go-billy.v4"
  packages = [
    ".",
    "helper/chroot",
    "helper/polyfill",
    "osfs",
    "util",
  ]
  pruneopts = ""
  revision = "59952543636f55de3f860b477b615093d5c2c3e4"
  version = "v4.2.1"

[[projects]]
  digest = "1:a72d911e18578e34367f4b849340501c7e6a2787a3a05651b3d53c6cb96990f4"
  name = "gopkg.in/src-d/go-git.v4"
  packages = [
    ".",
    "config",
    "internal/revision",
    "plumbing",
    "plumbing/cache",
    "plumbing/filemode",
    "plumbing/format/config",
    "plumbing/format/diff",
    "plumbing/format/gitignore",
    "plumbing/format/idxfile",
    "plumbing/format/index",
    "plumbing/format/objfile",
    "plumbing/format/packfile",
    "plumbing/format/pktline",
    "plumbing/object",
    "plumbing/protocol/packp",
    "plumbing/protocol/packp/capability",
    "plumbing/protocol/packp/sideband",
    "plumbing/revlist",
    "plumbing/storer",
    "plumbing/transport",
    "plumbing/transport/client",
    "plumbing/transport/file",
    "plumbing/transport/git",
    "plumbing/transport/http",
    "plumbing/transport/internal/common",
    "plumbing/transport/server",
    "plumbing/transport/ssh",
    "storage",
    "storage/filesystem",
    "storage/filesystem/dotgit",
    "storage/memory",
    "utils/binary",
    "utils/diff",
    "utils/ioutil",
    "utils/merkletrie",
    "utils/merkletrie/filesystem",
    "utils/merkletrie/index",
    "utils/merkletrie/internal/frame",
    "utils/merkletrie/noder",
  ]
  pruneopts = ""
  revision = "a1f6ef44dfed1253ef7f3bc049f66b15f8fc2ab2"
  version = "v4.9.1"

[[projects]]
  digest = "1:ceec7e96590fb8168f36df4795fefe17051d4b0c2acc7ec4e260d8138c4dafac"
  name = "gopkg.in/warnings.v0"
  packages = ["."]
  pruneopts = ""
  revision = "ec4a0fea49c7b46c2aeb0b51aac55779c607e52b"
  version = "v0.1.2"

[[projects]]
  digest = "1:cedccf16b71e86db87a24f8d4c70b0a855872eb967cb906a66b95de56aefbd0d"
  name = "gopkg.in/yaml.v2"
  packages = ["."]
  pruneopts = ""
  revision = "51d6538a90f86fe93ac480b35f37b2be17fef232"
  version = "v2.2.2"

[[projects]]
  branch = "release-1.14"
  digest = "1:d8a6f1ec98713e685346a2e4b46c6ec4a1792a5535f8b0dffe3b1c08c9d69b12"
  name = "k8s.io/api"
  packages = [
    "admission/v1beta1",
    "admissionregistration/v1beta1",
    "apps/v1",
    "apps/v1beta1",
    "apps/v1beta2",
    "auditregistration/v1alpha1",
    "authentication/v1",
    "authentication/v1beta1",
    "authorization/v1",
    "authorization/v1beta1",
    "autoscaling/v1",
    "autoscaling/v2beta1",
    "autoscaling/v2beta2",
    "batch/v1",
    "batch/v1beta1",
    "batch/v2alpha1",
    "certificates/v1beta1",
    "coordination/v1",
    "coordination/v1beta1",
    "core/v1",
    "events/v1beta1",
    "extensions/v1beta1",
    "imagepolicy/v1alpha1",
    "networking/v1",
    "networking/v1beta1",
    "node/v1alpha1",
    "node/v1beta1",
    "policy/v1beta1",
    "rbac/v1",
    "rbac/v1alpha1",
    "rbac/v1beta1",
    "scheduling/v1",
    "scheduling/v1alpha1",
    "scheduling/v1beta1",
    "settings/v1alpha1",
    "storage/v1",
    "storage/v1alpha1",
    "storage/v1beta1",
  ]
  pruneopts = ""
  revision = "40a48860b5abbba9aa891b02b32da429b08d96a0"

[[projects]]
  branch = "master"
  digest = "1:49e0fcdcaeaf937c6c608d1da19eb80de74fe990021278d49d46e10288659be6"
  name = "k8s.io/apiextensions-apiserver"
  packages = [
    "pkg/apis/apiextensions",
    "pkg/apis/apiextensions/v1beta1",
    "pkg/client/clientset/clientset",
    "pkg/client/clientset/clientset/scheme",
    "pkg/client/clientset/clientset/typed/apiextensions/v1beta1",
  ]
  pruneopts = ""
  revision = "7f7d2b94eca3a7a1c49840e119a8bc03c3afb1e3"

[[projects]]
  branch = "release-1.14"
  digest = "1:a802c91b189a31200cfb66744441fe62dac961ec7c5c58c47716570de7da195c"
  name = "k8s.io/apimachinery"
  packages = [
    "pkg/api/equality",
    "pkg/api/errors",
    "pkg/api/meta",
    "pkg/api/resource",
    "pkg/apis/meta/internalversion",
    "pkg/apis/meta/v1",
    "pkg/apis/meta/v1/unstructured",
    "pkg/apis/meta/v1beta1",
    "pkg/conversion",
    "pkg/conversion/queryparams",
    "pkg/fields",
    "pkg/labels",
    "pkg/runtime",
    "pkg/runtime/schema",
    "pkg/runtime/serializer",
    "pkg/runtime/serializer/json",
    "pkg/runtime/serializer/protobuf",
    "pkg/runtime/serializer/recognizer",
    "pkg/runtime/serializer/streaming",
    "pkg/runtime/serializer/versioning",
    "pkg/selection",
    "pkg/types",
    "pkg/util/cache",
    "pkg/util/clock",
    "pkg/util/diff",
    "pkg/util/errors",
    "pkg/util/framer",
    "pkg/util/httpstream",
    "pkg/util/httpstream/spdy",
    "pkg/util/intstr",
    "pkg/util/json",
    "pkg/util/mergepatch",
    "pkg/util/naming",
    "pkg/util/net",
    "pkg/util/remotecommand",
    "pkg/util/runtime",
    "pkg/util/sets",
    "pkg/util/strategicpatch",
    "pkg/util/validation",
    "pkg/util/validation/field",
    "pkg/util/wait",
    "pkg/util/yaml",
    "pkg/version",
    "pkg/watch",
    "third_party/forked/golang/json",
    "third_party/forked/golang/netutil",
    "third_party/forked/golang/reflect",
  ]
  pruneopts = ""
  revision = "6a84e37a896db9780c75367af8d2ed2bb944022e"

[[projects]]
  branch = "release-11.0"
  digest = "1:794140b3ac07405646ea3d4a57e1f6155186e672aed8aa0c996779381cd92fe6"
  name = "k8s.io/client-go"
  packages = [
    "discovery",
    "discovery/fake",
    "dynamic",
    "dynamic/fake",
    "informers/core/v1",
    "informers/internalinterfaces",
    "kubernetes",
    "kubernetes/fake",
    "kubernetes/scheme",
    "kubernetes/typed/admissionregistration/v1beta1",
    "kubernetes/typed/admissionregistration/v1beta1/fake",
    "kubernetes/typed/apps/v1",
    "kubernetes/typed/apps/v1/fake",
    "kubernetes/typed/apps/v1beta1",
    "kubernetes/typed/apps/v1beta1/fake",
    "kubernetes/typed/apps/v1beta2",
    "kubernetes/typed/apps/v1beta2/fake",
    "kubernetes/typed/auditregistration/v1alpha1",
    "kubernetes/typed/auditregistration/v1alpha1/fake",
    "kubernetes/typed/authentication/v1",
    "kubernetes/typed/authentication/v1/fake",
    "kubernetes/typed/authentication/v1beta1",
    "kubernetes/typed/authentication/v1beta1/fake",
    "kubernetes/typed/authorization/v1",
    "kubernetes/typed/authorization/v1/fake",
    "kubernetes/typed/authorization/v1beta1",
    "kubernetes/typed/authorization/v1beta1/fake",
    "kubernetes/typed/autoscaling/v1",
    "kubernetes/typed/autoscaling/v1/fake",
    "kubernetes/typed/autoscaling/v2beta1",
    "kubernetes/typed/autoscaling/v2beta1/fake",
    "kubernetes/typed/autoscaling/v2beta2",
    "kubernetes/typed/autoscaling/v2beta2/fake",
    "kubernetes/typed/batch/v1",
    "kubernetes/typed/batch/v1/fake",
    "kubernetes/typed/batch/v1beta1",
    "kubernetes/typed/batch/v1beta1/fake",
    "kubernetes/typed/batch/v2alpha1",
    "kubernetes/typed/batch/v2alpha1/fake",
    "kubernetes/typed/certificates/v1beta1",
    "kubernetes/typed/certificates/v1beta1/fake",
    "kubernetes/typed/coordination/v1",
    "kubernetes/typed/coordination/v1/fake",
    "kubernetes/typed/coordination/v1beta1",
    "kubernetes/typed/coordination/v1beta1/fake",
    "kubernetes/typed/core/v1",
    "kubernetes/typed/core/v1/fake",
    "kubernetes/typed/events/v1beta1",
    "kubernetes/typed/events/v1beta1/fake",
    "kubernetes/typed/extensions/v1beta1",
    "kubernetes/typed/extensions/v1beta1/fake",
    "kubernetes/typed/networking/v1",
    "kubernetes/typed/networking/v1/fake",
    "kubernetes/typed/networking/v1beta1",
    "kubernetes/typed/networking/v1beta1/fake",
    "kubernetes/typed/node/v1alpha1",
    "kubernetes/typed/node/v1alpha1/fake",
    "kubernetes/typed/node/v1beta1",
    "kubernetes/typed/node/v1beta1/fake",
    "kubernetes/typed/policy/v1beta1",
    "kubernetes/typed/policy/v1beta1/fake",
    "kubernetes/typed/rbac/v1",
    "kubernetes/typed/rbac/v1/fake",
    "kubernetes/typed/rbac/v1alpha1",
    "kubernetes/typed/rbac/v1alpha1/fake",
    "kubernetes/typed/rbac/v1beta1",
    "kubernetes/typed/rbac/v1beta1/fake",
    "kubernetes/typed/scheduling/v1",
    "kubernetes/typed/scheduling/v1/fake",
    "kubernetes/typed/scheduling/v1alpha1",
    "kubernetes/typed/scheduling/v1alpha1/fake",
    "kubernetes/typed/scheduling/v1beta1",
    "kubernetes/typed/scheduling/v1beta1/fake",
    "kubernetes/typed/settings/v1alpha1",
    "kubernetes/typed/settings/v1alpha1/fake",
    "kubernetes/typed/storage/v1",
    "kubernetes/typed/storage/v1/fake",
    "kubernetes/typed/storage/v1alpha1",
    "kubernetes/typed/storage/v1alpha1/fake",
    "kubernetes/typed/storage/v1beta1",
    "kubernetes/typed/storage/v1beta1/fake",
    "listers/core/v1",
    "pkg/apis/clientauthentication",
    "pkg/apis/clientauthentication/v1alpha1",
    "pkg/apis/clientauthentication/v1beta1",
    "pkg/version",
    "plugin/pkg/client/auth/exec",
    "plugin/pkg/client/auth/gcp",
    "plugin/pkg/client/auth/oidc",
    "rest",
    "rest/watch",
    "testing",
    "third_party/forked/golang/template",
    "tools/auth",
    "tools/cache",
    "tools/clientcmd",
    "tools/clientcmd/api",
    "tools/clientcmd/api/latest",
    "tools/clientcmd/api/v1",
    "tools/metrics",
    "tools/pager",
    "tools/reference",
    "tools/remotecommand",
    "transport",
    "transport/spdy",
    "util/cert",
    "util/connrotation",
    "util/exec",
    "util/flowcontrol",
    "util/homedir",
    "util/jsonpath",
    "util/keyutil",
    "util/retry",
    "util/workqueue",
  ]
  pruneopts = ""
  revision = "11646d1007e006f6f24995cb905c68bc62901c81"

[[projects]]
  branch = "release-1.14"
  digest = "1:742ce70d2c6de0f02b5331a25d4d549f55de6b214af22044455fd6e6b451cad9"
  name = "k8s.io/code-generator"
  packages = [
    "cmd/go-to-protobuf",
    "cmd/go-to-protobuf/protobuf",
    "pkg/util",
    "third_party/forked/golang/reflect",
  ]
  pruneopts = ""
  revision = "50b561225d70b3eb79a1faafd3dfe7b1a62cbe73"

[[projects]]
  branch = "master"
  digest = "1:6a2a63e09a59caff3fd2d36d69b7b92c2fe7cf783390f0b7349fb330820f9a8e"
  name = "k8s.io/gengo"
  packages = [
    "args",
    "examples/set-gen/sets",
    "generator",
    "namer",
    "parser",
    "types",
  ]
  pruneopts = ""
  revision = "e17681d19d3ac4837a019ece36c2a0ec31ffe985"

[[projects]]
  digest = "1:9eaf86f4f6fb4a8f177220d488ef1e3255d06a691cca95f14ef085d4cd1cef3c"
  name = "k8s.io/klog"
  packages = ["."]
  pruneopts = ""
  revision = "d98d8acdac006fb39831f1b25640813fef9c314f"
  version = "v0.3.3"

[[projects]]
  branch = "master"
  digest = "1:0d737d598e9db0a38d6ef6cba514c358b9fe7e1bc6b1128d02b2622700c75f2a"
  name = "k8s.io/kube-aggregator"
  packages = [
    "pkg/apis/apiregistration",
    "pkg/apis/apiregistration/v1",
    "pkg/apis/apiregistration/v1beta1",
  ]
  pruneopts = ""
  revision = "e80910364765199a4baebd4dec54c885fe52b680"

[[projects]]
  digest = "1:42ea993b351fdd39b9aad3c9ebe71f2fdb5d1f8d12eed24e71c3dff1a31b2a43"
  name = "k8s.io/kube-openapi"
  packages = [
    "cmd/openapi-gen",
    "cmd/openapi-gen/args",
    "pkg/common",
    "pkg/generators",
    "pkg/generators/rules",
    "pkg/util/proto",
    "pkg/util/sets",
  ]
  pruneopts = ""
  revision = "411b2483e5034420675ebcdd4a55fc76fe5e55cf"

[[projects]]
  branch = "release-1.14"
  digest = "1:78aa6079e011ece0d28513c7fe1bd64284fa9eb5d671760803a839ffdf0e9e38"
  name = "k8s.io/kubernetes"
  packages = [
    "pkg/api/v1/pod",
    "pkg/apis/apps",
    "pkg/apis/autoscaling",
    "pkg/apis/batch",
    "pkg/apis/core",
    "pkg/kubectl/scheme",
    "pkg/kubectl/util/term",
    "pkg/util/interrupt",
    "pkg/util/node",
  ]
  pruneopts = ""
  revision = "2d20b5759406ded89f8b25cf085ff4733b144ba5"

[[projects]]
  branch = "master"
  digest = "1:4c5d39f7ca1c940d7e74dbc62d2221e2c59b3d35c54f1fa9c77f3fd3113bbcb1"
  name = "k8s.io/utils"
  packages = [
    "buffer",
    "integer",
    "pointer",
    "trace",
  ]
  pruneopts = ""
  revision = "c55fbcfc754a5b2ec2fbae8fb9dcac36bdba6a12"

[[projects]]
  branch = "master"
  digest = "1:9b9f12f4c13ca4a4f4b4554c00ba46cb2910ff4079825d96d520b03c447e6da5"
  name = "layeh.com/gopher-json"
  packages = ["."]
  pruneopts = ""
  revision = "97fed8db84274c421dbfffbb28ec859901556b97"

[[projects]]
  digest = "1:321081b4a44256715f2b68411d8eda9a17f17ebfe6f0cc61d2cc52d11c08acfa"
  name = "sigs.k8s.io/yaml"
  packages = ["."]
  pruneopts = ""
  revision = "fd68e9863619f6ec2fdd8625fe1f02e7c877e480"
  version = "v1.1.0"

[solve-meta]
  analyzer-name = "dep"
  analyzer-version = 1
  input-imports = [
    "github.com/Masterminds/semver",
    "github.com/TomOnTime/utfutil",
    "github.com/argoproj/argo/pkg/apis/workflow/v1alpha1",
    "github.com/argoproj/argo/util",
    "github.com/argoproj/pkg/errors",
    "github.com/argoproj/pkg/exec",
    "github.com/argoproj/pkg/time",
    "github.com/bouk/monkey",
    "github.com/casbin/casbin",
    "github.com/casbin/casbin/model",
    "github.com/casbin/casbin/persist",
    "github.com/coreos/go-oidc",
    "github.com/dgrijalva/jwt-go",
    "github.com/dustin/go-humanize",
    "github.com/evanphx/json-patch",
    "github.com/ghodss/yaml",
    "github.com/go-openapi/loads",
    "github.com/go-openapi/runtime/middleware",
    "github.com/go-openapi/spec",
    "github.com/go-redis/cache",
    "github.com/go-redis/redis",
    "github.com/gobuffalo/packr",
    "github.com/gobwas/glob",
    "github.com/gogits/go-gogs-client",
    "github.com/gogo/protobuf/gogoproto",
    "github.com/gogo/protobuf/proto",
    "github.com/gogo/protobuf/protoc-gen-gofast",
    "github.com/gogo/protobuf/protoc-gen-gogofast",
    "github.com/gogo/protobuf/sortkeys",
    "github.com/golang/protobuf/proto",
    "github.com/golang/protobuf/protoc-gen-go",
    "github.com/golang/protobuf/ptypes/empty",
    "github.com/google/go-jsonnet",
    "github.com/google/shlex",
    "github.com/grpc-ecosystem/go-grpc-middleware",
    "github.com/grpc-ecosystem/go-grpc-middleware/auth",
    "github.com/grpc-ecosystem/go-grpc-middleware/logging",
    "github.com/grpc-ecosystem/go-grpc-middleware/logging/logrus",
    "github.com/grpc-ecosystem/go-grpc-middleware/retry",
    "github.com/grpc-ecosystem/go-grpc-middleware/tags/logrus",
    "github.com/grpc-ecosystem/go-grpc-prometheus",
    "github.com/grpc-ecosystem/grpc-gateway/protoc-gen-grpc-gateway",
    "github.com/grpc-ecosystem/grpc-gateway/protoc-gen-swagger",
    "github.com/grpc-ecosystem/grpc-gateway/runtime",
    "github.com/grpc-ecosystem/grpc-gateway/utilities",
    "github.com/improbable-eng/grpc-web/go/grpcweb",
    "github.com/kballard/go-shellquote",
    "github.com/patrickmn/go-cache",
    "github.com/pkg/errors",
    "github.com/prometheus/client_golang/prometheus",
    "github.com/prometheus/client_golang/prometheus/promhttp",
    "github.com/sirupsen/logrus",
    "github.com/sirupsen/logrus/hooks/test",
    "github.com/skratchdot/open-golang/open",
    "github.com/soheilhy/cmux",
    "github.com/spf13/cobra",
    "github.com/spf13/pflag",
    "github.com/stretchr/testify/assert",
    "github.com/stretchr/testify/mock",
    "github.com/vmihailenco/msgpack",
    "github.com/yudai/gojsondiff",
    "github.com/yudai/gojsondiff/formatter",
    "github.com/yuin/gopher-lua",
    "golang.org/x/crypto/bcrypt",
    "golang.org/x/crypto/ssh",
    "golang.org/x/crypto/ssh/knownhosts",
    "golang.org/x/crypto/ssh/terminal",
    "golang.org/x/net/context",
    "golang.org/x/oauth2",
    "golang.org/x/sync/errgroup",
    "golang.org/x/sync/semaphore",
    "google.golang.org/genproto/googleapis/api/annotations",
    "google.golang.org/grpc",
    "google.golang.org/grpc/codes",
    "google.golang.org/grpc/credentials",
    "google.golang.org/grpc/grpclog",
    "google.golang.org/grpc/metadata",
    "google.golang.org/grpc/reflection",
    "google.golang.org/grpc/status",
    "gopkg.in/go-playground/webhooks.v5/bitbucket",
    "gopkg.in/go-playground/webhooks.v5/bitbucket-server",
    "gopkg.in/go-playground/webhooks.v5/github",
    "gopkg.in/go-playground/webhooks.v5/gitlab",
    "gopkg.in/go-playground/webhooks.v5/gogs",
    "gopkg.in/src-d/go-git.v4",
    "gopkg.in/src-d/go-git.v4/config",
    "gopkg.in/src-d/go-git.v4/plumbing",
    "gopkg.in/src-d/go-git.v4/plumbing/transport",
    "gopkg.in/src-d/go-git.v4/plumbing/transport/client",
    "gopkg.in/src-d/go-git.v4/plumbing/transport/http",
    "gopkg.in/src-d/go-git.v4/plumbing/transport/ssh",
    "gopkg.in/src-d/go-git.v4/storage/memory",
    "gopkg.in/src-d/go-git.v4/utils/ioutil",
    "gopkg.in/yaml.v2",
    "k8s.io/api/apps/v1",
    "k8s.io/api/batch/v1",
    "k8s.io/api/core/v1",
    "k8s.io/api/extensions/v1beta1",
    "k8s.io/api/rbac/v1",
    "k8s.io/apiextensions-apiserver/pkg/apis/apiextensions/v1beta1",
    "k8s.io/apiextensions-apiserver/pkg/client/clientset/clientset",
    "k8s.io/apimachinery/pkg/api/equality",
    "k8s.io/apimachinery/pkg/api/errors",
    "k8s.io/apimachinery/pkg/apis/meta/v1",
    "k8s.io/apimachinery/pkg/apis/meta/v1/unstructured",
    "k8s.io/apimachinery/pkg/fields",
    "k8s.io/apimachinery/pkg/labels",
    "k8s.io/apimachinery/pkg/runtime",
    "k8s.io/apimachinery/pkg/runtime/schema",
    "k8s.io/apimachinery/pkg/runtime/serializer",
    "k8s.io/apimachinery/pkg/selection",
    "k8s.io/apimachinery/pkg/types",
    "k8s.io/apimachinery/pkg/util/runtime",
    "k8s.io/apimachinery/pkg/util/strategicpatch",
    "k8s.io/apimachinery/pkg/util/wait",
    "k8s.io/apimachinery/pkg/watch",
    "k8s.io/client-go/discovery",
    "k8s.io/client-go/discovery/fake",
    "k8s.io/client-go/dynamic",
    "k8s.io/client-go/dynamic/fake",
    "k8s.io/client-go/informers/core/v1",
    "k8s.io/client-go/kubernetes",
    "k8s.io/client-go/kubernetes/fake",
    "k8s.io/client-go/listers/core/v1",
    "k8s.io/client-go/plugin/pkg/client/auth/gcp",
    "k8s.io/client-go/plugin/pkg/client/auth/oidc",
    "k8s.io/client-go/rest",
    "k8s.io/client-go/testing",
    "k8s.io/client-go/tools/cache",
    "k8s.io/client-go/tools/clientcmd",
    "k8s.io/client-go/tools/clientcmd/api",
    "k8s.io/client-go/util/flowcontrol",
    "k8s.io/client-go/util/workqueue",
    "k8s.io/code-generator/cmd/go-to-protobuf",
    "k8s.io/klog",
    "k8s.io/kube-aggregator/pkg/apis/apiregistration/v1",
    "k8s.io/kube-aggregator/pkg/apis/apiregistration/v1beta1",
    "k8s.io/kube-openapi/cmd/openapi-gen",
    "k8s.io/kube-openapi/pkg/common",
    "k8s.io/kubernetes/pkg/api/v1/pod",
    "k8s.io/kubernetes/pkg/apis/apps",
    "k8s.io/kubernetes/pkg/apis/batch",
    "k8s.io/kubernetes/pkg/apis/core",
    "k8s.io/kubernetes/pkg/kubectl/scheme",
    "k8s.io/kubernetes/pkg/kubectl/util/term",
    "k8s.io/kubernetes/pkg/util/node",
    "layeh.com/gopher-json",
  ]
  solver-name = "gps-cdcl"
  solver-version = 1
