{
  "name": "snyk-report",
  "version": "0.1.0",
  "lockfileVersion": 3,
  "requires": true,
  "packages": {
    "": {
      "name": "snyk-report",
      "version": "0.1.0",
      "devDependencies": {
        "snyk": "^1.1119.0",
        "snyk-to-html": "^2.3.6"
      }
    },
    "node_modules/@sentry/core": {
      "version": "7.43.0",
      "resolved": "https://registry.npmjs.org/@sentry/core/-/core-7.43.0.tgz",
      "integrity": "sha512-zvMZgEi7ptLBwDnd+xR/u4zdSe5UzS4S3ZhoemdQrn1PxsaVySD/ptyzLoGSZEABqlRxGHnQrZ78MU1hUDvKuQ==",
      "dev": true,
      "dependencies": {
        "@sentry/types": "7.43.0",
        "@sentry/utils": "7.43.0",
        "tslib": "^1.9.3"
      },
      "engines": {
        "node": ">=8"
      }
    },
    "node_modules/@sentry/node": {
      "version": "7.43.0",
      "resolved": "https://registry.npmjs.org/@sentry/node/-/node-7.43.0.tgz",
      "integrity": "sha512-oXaTBq6Bk8Qwsd46hhRU2MLEnjYqWI41nPJmXyAWkDSYQTP7sUe1qM8bCUdsRpPwQh955Vq9qCRfgMbN4lEoAQ==",
      "dev": true,
      "dependencies": {
        "@sentry/core": "7.43.0",
        "@sentry/types": "7.43.0",
        "@sentry/utils": "7.43.0",
        "cookie": "^0.4.1",
        "https-proxy-agent": "^5.0.0",
        "lru_map": "^0.3.3",
        "tslib": "^1.9.3"
      },
      "engines": {
        "node": ">=8"
      }
    },
    "node_modules/@sentry/types": {
      "version": "7.43.0",
      "resolved": "https://registry.npmjs.org/@sentry/types/-/types-7.43.0.tgz",
      "integrity": "sha512-5XxCWqYWJNoS+P6Ie2ZpUDxLRCt7FTEzmlQkCdjW6MFWOX26hAbF/wEuOTYAFKZXMIXOz0Egofik1e8v1Cg6/A==",
      "dev": true,
      "engines": {
        "node": ">=8"
      }
    },
    "node_modules/@sentry/utils": {
      "version": "7.43.0",
      "resolved": "https://registry.npmjs.org/@sentry/utils/-/utils-7.43.0.tgz",
      "integrity": "sha512-f78YfMLcgNU7+suyWFCuQhQlneXXMS+egb0EFZh7iU7kANUPRX5T4b+0C+fwaPm5gA6XfGYskr4ZnzQJLOlSqg==",
      "dev": true,
      "dependencies": {
        "@sentry/types": "7.43.0",
        "tslib": "^1.9.3"
      },
      "engines": {
        "node": ">=8"
      }
    },
    "node_modules/agent-base": {
      "version": "6.0.2",
      "resolved": "https://registry.npmjs.org/agent-base/-/agent-base-6.0.2.tgz",
      "integrity": "sha512-RZNwNclF7+MS/8bDg70amg32dyeZGZxiDuQmZxKLAlQjr3jGyLx+4Kkk58UO7D2QdgFIQCovuSuZESne6RG6XQ==",
      "dev": true,
      "dependencies": {
        "debug": "4"
      },
      "engines": {
        "node": ">= 6.0.0"
      }
    },
    "node_modules/ansi-styles": {
      "version": "3.2.1",
      "resolved": "https://registry.npmjs.org/ansi-styles/-/ansi-styles-3.2.1.tgz",
      "integrity": "sha512-VT0ZI6kZRdTh8YyJw3SMbYm/u+NqfsAxEpWO0Pf9sq8/e94WxxOpPKx9FR1FlyCtOVDNOQ+8ntlqFxiRc+r5qA==",
      "dev": true,
      "dependencies": {
        "color-convert": "^1.9.0"
      },
      "engines": {
        "node": ">=4"
      }
    },
    "node_modules/boolean": {
      "version": "3.2.0",
      "resolved": "https://registry.npmjs.org/boolean/-/boolean-3.2.0.tgz",
      "integrity": "sha512-d0II/GO9uf9lfUHH2BQsjxzRJZBdsjgsBiW4BvhWk/3qoKwQFjIDVN19PfX8F2D/r9PCMTtLWjYVCFrpeYUzsw==",
      "dev": true
    },
    "node_modules/buffer-from": {
      "version": "1.1.2",
      "resolved": "https://registry.npmjs.org/buffer-from/-/buffer-from-1.1.2.tgz",
      "integrity": "sha512-E+XQCRwSbaaiChtv6k6Dwgc+bx+Bs6vuKJHHl5kox/BaKbhiXzqQOwK4cO22yElGp2OCmjwVhT3HmxgyPGnJfQ==",
      "dev": true
    },
    "node_modules/chalk": {
      "version": "2.4.2",
      "resolved": "https://registry.npmjs.org/chalk/-/chalk-2.4.2.tgz",
      "integrity": "sha512-Mti+f9lpJNcwF4tWV8/OrTTtF1gZi+f8FqlyAdouralcFWFQWF2+NgCHShjkCb+IFBLq9buZwE1xckQU4peSuQ==",
      "dev": true,
      "dependencies": {
        "ansi-styles": "^3.2.1",
        "escape-string-regexp": "^1.0.5",
        "supports-color": "^5.3.0"
      },
      "engines": {
        "node": ">=4"
      }
    },
    "node_modules/chalk/node_modules/escape-string-regexp": {
      "version": "1.0.5",
      "resolved": "https://registry.npmjs.org/escape-string-regexp/-/escape-string-regexp-1.0.5.tgz",
      "integrity": "sha512-vbRorB5FUQWvla16U8R/qgaFIya2qGzwDrNmCZuYKrbdSUMG6I1ZCGQRefkRVhuOkIGVne7BQ35DSfo1qvJqFg==",
      "dev": true,
      "engines": {
        "node": ">=0.8.0"
      }
    },
    "node_modules/color-convert": {
      "version": "1.9.3",
      "resolved": "https://registry.npmjs.org/color-convert/-/color-convert-1.9.3.tgz",
      "integrity": "sha512-QfAUtd+vFdAtFQcC8CCyYt1fYWxSqAiK2cSD6zDB8N3cpsEBAvRxp9zOGg6G/SHHJYAT88/az/IuDGALsNVbGg==",
      "dev": true,
      "dependencies": {
        "color-name": "1.1.3"
      }
    },
    "node_modules/color-name": {
      "version": "1.1.3",
      "resolved": "https://registry.npmjs.org/color-name/-/color-name-1.1.3.tgz",
      "integrity": "sha512-72fSenhMw2HZMTVHeCA9KCmpEIbzWiQsjN+BHcBbS9vr1mtt+vJjPdksIBNUmKAW8TFUDPJK5SUU3QhE9NEXDw==",
      "dev": true
    },
    "node_modules/commander": {
      "version": "4.1.1",
      "resolved": "https://registry.npmjs.org/commander/-/commander-4.1.1.tgz",
      "integrity": "sha512-NOKm8xhkzAjzFx8B2v5OAHT+u5pRQc2UCa2Vq9jYL/31o2wi9mxBA7LIFs3sV5VSC49z6pEhfbMULvShKj26WA==",
      "dev": true,
      "engines": {
        "node": ">= 6"
      }
    },
    "node_modules/cookie": {
      "version": "0.4.2",
      "resolved": "https://registry.npmjs.org/cookie/-/cookie-0.4.2.tgz",
      "integrity": "sha512-aSWTXFzaKWkvHO1Ny/s+ePFpvKsPnjc551iI41v3ny/ow6tBG5Vd+FuqGNhh1LxOmVzOlGUriIlOaokOvhaStA==",
      "dev": true,
      "engines": {
        "node": ">= 0.6"
      }
    },
    "node_modules/debug": {
      "version": "4.3.4",
      "resolved": "https://registry.npmjs.org/debug/-/debug-4.3.4.tgz",
      "integrity": "sha512-PRWFHuSU3eDtQJPvnNY7Jcket1j0t5OuOsFzPPzsekD52Zl8qUfFIPEiswXqIvHWGVHOgX+7G/vCNNhehwxfkQ==",
      "dev": true,
      "dependencies": {
        "ms": "2.1.2"
      },
      "engines": {
        "node": ">=6.0"
      },
      "peerDependenciesMeta": {
        "supports-color": {
          "optional": true
        }
      }
    },
    "node_modules/define-properties": {
      "version": "1.2.0",
      "resolved": "https://registry.npmjs.org/define-properties/-/define-properties-1.2.0.tgz",
      "integrity": "sha512-xvqAVKGfT1+UAvPwKTVw/njhdQ8ZhXK4lI0bCIuCMrp2up9nPnaDftrLtmpTazqd1o+UY4zgzU+avtMbDP+ldA==",
      "dev": true,
      "dependencies": {
        "has-property-descriptors": "^1.0.0",
        "object-keys": "^1.1.1"
      },
      "engines": {
        "node": ">= 0.4"
      },
      "funding": {
        "url": "https://github.com/sponsors/ljharb"
      }
    },
    "node_modules/detect-node": {
      "version": "2.1.0",
      "resolved": "https://registry.npmjs.org/detect-node/-/detect-node-2.1.0.tgz",
      "integrity": "sha512-T0NIuQpnTvFDATNuHN5roPwSBG83rFsuO+MXXH9/3N1eFbn4wcPjttvjMLEPWJ0RGUYgQE7cGgS3tNxbqCGM7g==",
      "dev": true
    },
    "node_modules/es6-error": {
      "version": "4.1.1",
      "resolved": "https://registry.npmjs.org/es6-error/-/es6-error-4.1.1.tgz",
      "integrity": "sha512-Um/+FxMr9CISWh0bi5Zv0iOD+4cFh5qLeks1qhAopKVAJw3drgKbKySikp7wGhDL0HPeaja0P5ULZrxLkniUVg==",
      "dev": true
    },
    "node_modules/escape-string-regexp": {
      "version": "4.0.0",
      "resolved": "https://registry.npmjs.org/escape-string-regexp/-/escape-string-regexp-4.0.0.tgz",
      "integrity": "sha512-TtpcNJ3XAzx3Gq8sWRzJaVajRs0uVxA2YAkdb1jm2YkPz4G6egUFAyA3n5vtEIZefPk5Wa4UXbKuS5fKkJWdgA==",
      "dev": true,
      "engines": {
        "node": ">=10"
      },
      "funding": {
        "url": "https://github.com/sponsors/sindresorhus"
      }
    },
    "node_modules/function-bind": {
      "version": "1.1.1",
      "resolved": "https://registry.npmjs.org/function-bind/-/function-bind-1.1.1.tgz",
      "integrity": "sha512-yIovAzMX49sF8Yl58fSCWJ5svSLuaibPxXQJFLmBObTuCr0Mf1KiPopGM9NiFjiYBCbfaa2Fh6breQ6ANVTI0A==",
      "dev": true
    },
    "node_modules/get-intrinsic": {
      "version": "1.2.0",
      "resolved": "https://registry.npmjs.org/get-intrinsic/-/get-intrinsic-1.2.0.tgz",
      "integrity": "sha512-L049y6nFOuom5wGyRc3/gdTLO94dySVKRACj1RmJZBQXlbTMhtNIgkWkUHq+jYmZvKf14EW1EoJnnjbmoHij0Q==",
      "dev": true,
      "dependencies": {
        "function-bind": "^1.1.1",
        "has": "^1.0.3",
        "has-symbols": "^1.0.3"
      },
      "funding": {
        "url": "https://github.com/sponsors/ljharb"
      }
    },
    "node_modules/global-agent": {
      "version": "3.0.0",
      "resolved": "https://registry.npmjs.org/global-agent/-/global-agent-3.0.0.tgz",
      "integrity": "sha512-PT6XReJ+D07JvGoxQMkT6qji/jVNfX/h364XHZOWeRzy64sSFr+xJ5OX7LI3b4MPQzdL4H8Y8M0xzPpsVMwA8Q==",
      "dev": true,
      "dependencies": {
        "boolean": "^3.0.1",
        "es6-error": "^4.1.1",
        "matcher": "^3.0.0",
        "roarr": "^2.15.3",
        "semver": "^7.3.2",
        "serialize-error": "^7.0.1"
      },
      "engines": {
        "node": ">=10.0"
      }
    },
    "node_modules/globalthis": {
      "version": "1.0.3",
      "resolved": "https://registry.npmjs.org/globalthis/-/globalthis-1.0.3.tgz",
      "integrity": "sha512-sFdI5LyBiNTHjRd7cGPWapiHWMOXKyuBNX/cWJ3NfzrZQVa8GI/8cofCl74AOVqq9W5kNmguTIzJ/1s2gyI9wA==",
      "dev": true,
      "dependencies": {
        "define-properties": "^1.1.3"
      },
      "engines": {
        "node": ">= 0.4"
      },
      "funding": {
        "url": "https://github.com/sponsors/ljharb"
      }
    },
    "node_modules/handlebars": {
      "version": "4.7.7",
      "resolved": "https://registry.npmjs.org/handlebars/-/handlebars-4.7.7.tgz",
      "integrity": "sha512-aAcXm5OAfE/8IXkcZvCepKU3VzW1/39Fb5ZuqMtgI/hT8X2YgoMvBY5dLhq/cpOvw7Lk1nK/UF71aLG/ZnVYRA==",
      "dev": true,
      "dependencies": {
        "minimist": "^1.2.5",
        "neo-async": "^2.6.0",
        "source-map": "^0.6.1",
        "wordwrap": "^1.0.0"
      },
      "bin": {
        "handlebars": "bin/handlebars"
      },
      "engines": {
        "node": ">=0.4.7"
      },
      "optionalDependencies": {
        "uglify-js": "^3.1.4"
      }
    },
    "node_modules/has": {
      "version": "1.0.3",
      "resolved": "https://registry.npmjs.org/has/-/has-1.0.3.tgz",
      "integrity": "sha512-f2dvO0VU6Oej7RkWJGrehjbzMAjFp5/VKPp5tTpWIV4JHHZK1/BxbFRtf/siA2SWTe09caDmVtYYzWEIbBS4zw==",
      "dev": true,
      "dependencies": {
        "function-bind": "^1.1.1"
      },
      "engines": {
        "node": ">= 0.4.0"
      }
    },
    "node_modules/has-flag": {
      "version": "3.0.0",
      "resolved": "https://registry.npmjs.org/has-flag/-/has-flag-3.0.0.tgz",
      "integrity": "sha512-sKJf1+ceQBr4SMkvQnBDNDtf4TXpVhVGateu0t918bl30FnbE2m4vNLX+VWe/dpjlb+HugGYzW7uQXH98HPEYw==",
      "dev": true,
      "engines": {
        "node": ">=4"
      }
    },
    "node_modules/has-property-descriptors": {
      "version": "1.0.0",
      "resolved": "https://registry.npmjs.org/has-property-descriptors/-/has-property-descriptors-1.0.0.tgz",
      "integrity": "sha512-62DVLZGoiEBDHQyqG4w9xCuZ7eJEwNmJRWw2VY84Oedb7WFcA27fiEVe8oUQx9hAUJ4ekurquucTGwsyO1XGdQ==",
      "dev": true,
      "dependencies": {
        "get-intrinsic": "^1.1.1"
      },
      "funding": {
        "url": "https://github.com/sponsors/ljharb"
      }
    },
    "node_modules/has-symbols": {
      "version": "1.0.3",
      "resolved": "https://registry.npmjs.org/has-symbols/-/has-symbols-1.0.3.tgz",
      "integrity": "sha512-l3LCuF6MgDNwTDKkdYGEihYjt5pRPbEg46rtlmnSPlUbgmB8LOIrKJbYYFBSbnPaJexMKtiPO8hmeRjRz2Td+A==",
      "dev": true,
      "engines": {
        "node": ">= 0.4"
      },
      "funding": {
        "url": "https://github.com/sponsors/ljharb"
      }
    },
    "node_modules/https-proxy-agent": {
      "version": "5.0.1",
      "resolved": "https://registry.npmjs.org/https-proxy-agent/-/https-proxy-agent-5.0.1.tgz",
      "integrity": "sha512-dFcAjpTQFgoLMzC2VwU+C/CbS7uRL0lWmxDITmqm7C+7F0Odmj6s9l6alZc6AELXhrnggM2CeWSXHGOdX2YtwA==",
      "dev": true,
      "dependencies": {
        "agent-base": "6",
        "debug": "4"
      },
      "engines": {
        "node": ">= 6"
      }
    },
    "node_modules/json-stringify-safe": {
      "version": "5.0.1",
      "resolved": "https://registry.npmjs.org/json-stringify-safe/-/json-stringify-safe-5.0.1.tgz",
      "integrity": "sha512-ZClg6AaYvamvYEE82d3Iyd3vSSIjQ+odgjaTzRuO3s7toCdFKczob2i0zCh7JE8kWn17yvAWhUVxvqGwUalsRA==",
      "dev": true
    },
    "node_modules/lodash.isempty": {
      "version": "4.4.0",
      "resolved": "https://registry.npmjs.org/lodash.isempty/-/lodash.isempty-4.4.0.tgz",
      "integrity": "sha512-oKMuF3xEeqDltrGMfDxAPGIVMSSRv8tbRSODbrs4KGsRRLEhrW8N8Rd4DRgB2+621hY8A8XwwrTVhXWpxFvMzg==",
      "dev": true
    },
    "node_modules/lodash.orderby": {
      "version": "4.6.0",
      "resolved": "https://registry.npmjs.org/lodash.orderby/-/lodash.orderby-4.6.0.tgz",
      "integrity": "sha512-T0rZxKmghOOf5YPnn8EY5iLYeWCpZq8G41FfqoVHH5QDTAFaghJRmAdLiadEDq+ztgM2q5PjA+Z1fOwGrLgmtg==",
      "dev": true
    },
    "node_modules/lru_map": {
      "version": "0.3.3",
      "resolved": "https://registry.npmjs.org/lru_map/-/lru_map-0.3.3.tgz",
      "integrity": "sha512-Pn9cox5CsMYngeDbmChANltQl+5pi6XmTrraMSzhPmMBbmgcxmqWry0U3PGapCU1yB4/LqCcom7qhHZiF/jGfQ==",
      "dev": true
    },
    "node_modules/lru-cache": {
      "version": "6.0.0",
      "resolved": "https://registry.npmjs.org/lru-cache/-/lru-cache-6.0.0.tgz",
      "integrity": "sha512-Jo6dJ04CmSjuznwJSS3pUeWmd/H0ffTlkXXgwZi+eq1UCmqQwCh+eLsYOYCwY991i2Fah4h1BEMCx4qThGbsiA==",
      "dev": true,
      "dependencies": {
        "yallist": "^4.0.0"
      },
      "engines": {
        "node": ">=10"
      }
    },
    "node_modules/marked": {
      "version": "4.2.12",
      "resolved": "https://registry.npmjs.org/marked/-/marked-4.2.12.tgz",
      "integrity": "sha512-yr8hSKa3Fv4D3jdZmtMMPghgVt6TWbk86WQaWhDloQjRSQhMMYCAro7jP7VDJrjjdV8pxVxMssXS8B8Y5DZ5aw==",
      "dev": true,
      "bin": {
        "marked": "bin/marked.js"
      },
      "engines": {
        "node": ">= 12"
      }
    },
    "node_modules/matcher": {
      "version": "3.0.0",
      "resolved": "https://registry.npmjs.org/matcher/-/matcher-3.0.0.tgz",
      "integrity": "sha512-OkeDaAZ/bQCxeFAozM55PKcKU0yJMPGifLwV4Qgjitu+5MoAfSQN4lsLJeXZ1b8w0x+/Emda6MZgXS1jvsapng==",
      "dev": true,
      "dependencies": {
        "escape-string-regexp": "^4.0.0"
      },
      "engines": {
        "node": ">=10"
      }
    },
    "node_modules/minimist": {
      "version": "1.2.8",
      "resolved": "https://registry.npmjs.org/minimist/-/minimist-1.2.8.tgz",
      "integrity": "sha512-2yyAR8qBkN3YuheJanUpWC5U3bb5osDywNB8RzDVlDwDHbocAJveqqj1u8+SVD7jkWT4yvsHCpWqqWqAxb0zCA==",
      "dev": true,
      "funding": {
        "url": "https://github.com/sponsors/ljharb"
      }
    },
    "node_modules/moment": {
      "version": "2.29.4",
      "resolved": "https://registry.npmjs.org/moment/-/moment-2.29.4.tgz",
      "integrity": "sha512-5LC9SOxjSc2HF6vO2CyuTDNivEdoz2IvyJJGj6X8DJ0eFyfszE0QiEd+iXmBvUP3WHxSjFH/vIsA0EN00cgr8w==",
      "dev": true,
      "engines": {
        "node": "*"
      }
    },
    "node_modules/ms": {
      "version": "2.1.2",
      "resolved": "https://registry.npmjs.org/ms/-/ms-2.1.2.tgz",
      "integrity": "sha512-sGkPx+VjMtmA6MX27oA4FBFELFCZZ4S4XqeGOXCv68tT+jb3vk/RyaKWP0PTKyWtmLSM0b+adUTEvbs1PEaH2w==",
      "dev": true
    },
    "node_modules/neo-async": {
      "version": "2.6.2",
      "resolved": "https://registry.npmjs.org/neo-async/-/neo-async-2.6.2.tgz",
      "integrity": "sha512-Yd3UES5mWCSqR+qNT93S3UoYUkqAZ9lLg8a7g9rimsWmYGK8cVToA4/sF3RrshdyV3sAGMXVUmpMYOw+dLpOuw==",
      "dev": true
    },
    "node_modules/object-keys": {
      "version": "1.1.1",
      "resolved": "https://registry.npmjs.org/object-keys/-/object-keys-1.1.1.tgz",
      "integrity": "sha512-NuAESUOUMrlIXOfHKzD6bpPu3tYt3xvjNdRIQ+FeT0lNb4K8WR70CaDxhuNguS2XG+GjkyMwOzsN5ZktImfhLA==",
      "dev": true,
      "engines": {
        "node": ">= 0.4"
      }
    },
    "node_modules/roarr": {
      "version": "2.15.4",
      "resolved": "https://registry.npmjs.org/roarr/-/roarr-2.15.4.tgz",
      "integrity": "sha512-CHhPh+UNHD2GTXNYhPWLnU8ONHdI+5DI+4EYIAOaiD63rHeYlZvyh8P+in5999TTSFgUYuKUAjzRI4mdh/p+2A==",
      "dev": true,
      "dependencies": {
        "boolean": "^3.0.1",
        "detect-node": "^2.0.4",
        "globalthis": "^1.0.1",
        "json-stringify-safe": "^5.0.1",
        "semver-compare": "^1.0.0",
        "sprintf-js": "^1.1.2"
      },
      "engines": {
        "node": ">=8.0"
      }
    },
    "node_modules/semver": {
      "version": "7.3.8",
      "resolved": "https://registry.npmjs.org/semver/-/semver-7.3.8.tgz",
      "integrity": "sha512-NB1ctGL5rlHrPJtFDVIVzTyQylMLu9N9VICA6HSFJo8MCGVTMW6gfpicwKmmK/dAjTOrqu5l63JJOpDSrAis3A==",
      "dev": true,
      "dependencies": {
        "lru-cache": "^6.0.0"
      },
      "bin": {
        "semver": "bin/semver.js"
      },
      "engines": {
        "node": ">=10"
      }
    },
    "node_modules/semver-compare": {
      "version": "1.0.0",
      "resolved": "https://registry.npmjs.org/semver-compare/-/semver-compare-1.0.0.tgz",
      "integrity": "sha512-YM3/ITh2MJ5MtzaM429anh+x2jiLVjqILF4m4oyQB18W7Ggea7BfqdH/wGMK7dDiMghv/6WG7znWMwUDzJiXow==",
      "dev": true
    },
    "node_modules/serialize-error": {
      "version": "7.0.1",
      "resolved": "https://registry.npmjs.org/serialize-error/-/serialize-error-7.0.1.tgz",
      "integrity": "sha512-8I8TjW5KMOKsZQTvoxjuSIa7foAwPWGOts+6o7sgjz41/qMD9VQHEDxi6PBvK2l0MXUmqZyNpUK+T2tQaaElvw==",
      "dev": true,
      "dependencies": {
        "type-fest": "^0.13.1"
      },
      "engines": {
        "node": ">=10"
      },
      "funding": {
        "url": "https://github.com/sponsors/sindresorhus"
      }
    },
    "node_modules/snyk": {
      "version": "1.1119.0",
      "resolved": "https://registry.npmjs.org/snyk/-/snyk-1.1119.0.tgz",
      "integrity": "sha512-kcc3TmAwpA1p4gz7Myf1DcoM6e1FWc/1iBuAEPOzXaGmuy6j8lvy6g00Fj/fHKK+ZRBkdqun6lBxEqfSM9utsQ==",
      "dev": true,
      "hasInstallScript": true,
      "dependencies": {
        "@sentry/node": "^7.36.0",
        "global-agent": "^3.0.0"
      },
      "bin": {
        "snyk": "bin/snyk"
      },
      "engines": {
        "node": ">=12"
      }
    },
    "node_modules/snyk-to-html": {
      "version": "2.3.6",
      "resolved": "https://registry.npmjs.org/snyk-to-html/-/snyk-to-html-2.3.6.tgz",
      "integrity": "sha512-smDIsWJIG0uZ3Xgb5ZMHOEag5e4r7wsWkuj4PHt3BBSdWuf7UEYJLcpU9liPIh/TyB5hE1UzHauSY5Cg6spMjA==",
      "dev": true,
      "dependencies": {
        "chalk": "^2.4.2",
        "commander": "^4.1.1",
        "debug": "^4.1.1",
        "handlebars": "^4.7.7",
        "lodash.isempty": "^4.4.0",
        "lodash.orderby": "^4.6.0",
        "marked": "^4.0.12",
        "moment": "^2.29.4",
        "source-map-support": "^0.5.16",
        "uglify-js": "^3.15.1"
      },
      "bin": {
        "snyk-to-html": "dist/index.js"
      },
      "engines": {
        "node": ">=10"
      }
    },
    "node_modules/source-map": {
      "version": "0.6.1",
      "resolved": "https://registry.npmjs.org/source-map/-/source-map-0.6.1.tgz",
      "integrity": "sha512-UjgapumWlbMhkBgzT7Ykc5YXUT46F0iKu8SGXq0bcwP5dz/h0Plj6enJqjz1Zbq2l5WaqYnrVbwWOWMyF3F47g==",
      "dev": true,
      "engines": {
        "node": ">=0.10.0"
      }
    },
    "node_modules/source-map-support": {
      "version": "0.5.21",
      "resolved": "https://registry.npmjs.org/source-map-support/-/source-map-support-0.5.21.tgz",
      "integrity": "sha512-uBHU3L3czsIyYXKX88fdrGovxdSCoTGDRZ6SYXtSRxLZUzHg5P/66Ht6uoUlHu9EZod+inXhKo3qQgwXUT/y1w==",
      "dev": true,
      "dependencies": {
        "buffer-from": "^1.0.0",
        "source-map": "^0.6.0"
      }
    },
    "node_modules/sprintf-js": {
      "version": "1.1.2",
      "resolved": "https://registry.npmjs.org/sprintf-js/-/sprintf-js-1.1.2.tgz",
      "integrity": "sha512-VE0SOVEHCk7Qc8ulkWw3ntAzXuqf7S2lvwQaDLRnUeIEaKNQJzV6BwmLKhOqT61aGhfUMrXeaBk+oDGCzvhcug==",
      "dev": true
    },
    "node_modules/supports-color": {
      "version": "5.5.0",
      "resolved": "https://registry.npmjs.org/supports-color/-/supports-color-5.5.0.tgz",
      "integrity": "sha512-QjVjwdXIt408MIiAqCX4oUKsgU2EqAGzs2Ppkm4aQYbjm+ZEWEcW4SfFNTr4uMNZma0ey4f5lgLrkB0aX0QMow==",
      "dev": true,
      "dependencies": {
        "has-flag": "^3.0.0"
      },
      "engines": {
        "node": ">=4"
      }
    },
    "node_modules/tslib": {
      "version": "1.14.1",
      "resolved": "https://registry.npmjs.org/tslib/-/tslib-1.14.1.tgz",
      "integrity": "sha512-Xni35NKzjgMrwevysHTCArtLDpPvye8zV/0E4EyYn43P7/7qvQwPh9BGkHewbMulVntbigmcT7rdX3BNo9wRJg==",
      "dev": true
    },
    "node_modules/type-fest": {
      "version": "0.13.1",
      "resolved": "https://registry.npmjs.org/type-fest/-/type-fest-0.13.1.tgz",
      "integrity": "sha512-34R7HTnG0XIJcBSn5XhDd7nNFPRcXYRZrBB2O2jdKqYODldSzBAqzsWoZYYvduky73toYS/ESqxPvkDf/F0XMg==",
      "dev": true,
      "engines": {
        "node": ">=10"
      },
      "funding": {
        "url": "https://github.com/sponsors/sindresorhus"
      }
    },
    "node_modules/uglify-js": {
      "version": "3.17.4",
      "resolved": "https://registry.npmjs.org/uglify-js/-/uglify-js-3.17.4.tgz",
      "integrity": "sha512-T9q82TJI9e/C1TAxYvfb16xO120tMVFZrGA3f9/P4424DNu6ypK103y0GPFVa17yotwSyZW5iYXgjYHkGrJW/g==",
      "dev": true,
      "bin": {
        "uglifyjs": "bin/uglifyjs"
      },
      "engines": {
        "node": ">=0.8.0"
      }
    },
    "node_modules/wordwrap": {
      "version": "1.0.0",
      "resolved": "https://registry.npmjs.org/wordwrap/-/wordwrap-1.0.0.tgz",
      "integrity": "sha512-gvVzJFlPycKc5dZN4yPkP8w7Dc37BtP1yczEneOb4uq34pXZcvrtRTmWV8W+Ume+XCxKgbjM+nevkyFPMybd4Q==",
      "dev": true
    },
    "node_modules/yallist": {
      "version": "4.0.0",
      "resolved": "https://registry.npmjs.org/yallist/-/yallist-4.0.0.tgz",
      "integrity": "sha512-3wdGidZyq5PB084XLES5TpOSRA3wjXAlIWMhum2kRcv/41Sn2emQ0dycQW4uZXLejwKvg6EsvbdlVL+FYEct7A==",
      "dev": true
    }
  }
}
