# Generated by buf. DO NOT EDIT.
version: v1
deps:
  - remote: buf.build
    owner: evalsocket
    repository: k8s
    commit: f18e15a227934d7b8e0133bd423e8e7f
  - remote: buf.build
    owner: gogo
    repository: protobuf
    commit: 4df00b267f944190a229ce3695781e99
  - remote: buf.build
    owner: googleapis
    repository: googleapis
    commit: f3590c56d388417ebbedefae77ac12bf
